
Microsoft Visual Studio Solution File, Format Version 12.00
# Visual Studio Version 17
VisualStudioVersion = 17.7.34031.279
MinimumVisualStudioVersion = 10.0.40219.1
Project("{FAE04EC0-301F-11D3-BF4B-00C04F79EFBC}") = "Aplicación1", "Aplicación1.csproj", "{D89DE3E2-6FEE-4199-ADF3-9DAF2F266724}"
EndProject
Global
	GlobalSection(SolutionConfigurationPlatforms) = preSolution
		Debug|Any CPU = Debug|Any CPU
		Release|Any CPU = Release|Any CPU
	EndGlobalSection
	GlobalSection(ProjectConfigurationPlatforms) = postSolution
		{D89DE3E2-6FEE-4199-ADF3-9DAF2F266724}.Debug|Any CPU.ActiveCfg = Debug|Any CPU
		{D89DE3E2-6FEE-4199-ADF3-9DAF2F266724}.Debug|Any CPU.Build.0 = Debug|Any CPU
		{D89DE3E2-6FEE-4199-ADF3-9DAF2F266724}.Release|Any CPU.ActiveCfg = Release|Any CPU
		{D89DE3E2-6FEE-4199-ADF3-9DAF2F266724}.Release|Any CPU.Build.0 = Release|Any CPU
	EndGlobalSection
	GlobalSection(SolutionProperties) = preSolution
		HideSolutionNode = FALSE
	EndGlobalSection
	GlobalSection(ExtensibilityGlobals) = postSolution
		SolutionGuid = {1CEB6990-B635-4466-ACF0-4A248847B31F}
	EndGlobalSection
EndGlobal
